// !$*UTF8*$!
{
	archiveVersion = 1;
	classes = {
	};
	objectVersion = 46;
	objects = {

/* Begin PBXBuildFile section */
		0C4650241D51F1A700CACA4C /* DownStateButton.swift in Sources */ = {isa = PBXBuildFile; fileRef = 0C4650231D51F1A700CACA4C /* DownStateButton.swift */; };
		0C4650271D51F3E400CACA4C /* TestRedio.swift in Sources */ = {isa = PBXBuildFile; fileRef = 0C4650251D51F3E400CACA4C /* TestRedio.swift */; };
		0C4650281D51F3E400CACA4C /* TestRedio.xib in Resources */ = {isa = PBXBuildFile; fileRef = 0C4650261D51F3E400CACA4C /* TestRedio.xib */; };
		0C46502F1D520AD000CACA4C /* Academi_Cell.swift in Sources */ = {isa = PBXBuildFile; fileRef = 0C46502D1D520AD000CACA4C /* Academi_Cell.swift */; };
		0C4650301D520AD000CACA4C /* Academi_Cell.xib in Resources */ = {isa = PBXBuildFile; fileRef = 0C46502E1D520AD000CACA4C /* Academi_Cell.xib */; };
		0C4650331D53132700CACA4C /* Lb_Cell.swift in Sources */ = {isa = PBXBuildFile; fileRef = 0C4650311D53132700CACA4C /* Lb_Cell.swift */; };
		0C4650341D53132700CACA4C /* Lb_Cell.xib in Resources */ = {isa = PBXBuildFile; fileRef = 0C4650321D53132700CACA4C /* Lb_Cell.xib */; };
		0CF15EFD1D51A9C8008754AE /* AppDelegate.swift in Sources */ = {isa = PBXBuildFile; fileRef = 0CF15EFC1D51A9C8008754AE /* AppDelegate.swift */; };
		0CF15EFF1D51A9C8008754AE /* ViewController.swift in Sources */ = {isa = PBXBuildFile; fileRef = 0CF15EFE1D51A9C8008754AE /* ViewController.swift */; };
		0CF15F041D51A9C8008754AE /* Assets.xcassets in Resources */ = {isa = PBXBuildFile; fileRef = 0CF15F031D51A9C8008754AE /* Assets.xcassets */; };
		0CF15F071D51A9C8008754AE /* LaunchScreen.storyboard in Resources */ = {isa = PBXBuildFile; fileRef = 0CF15F051D51A9C8008754AE /* LaunchScreen.storyboard */; };
		0CF15F121D51A9C8008754AE /* EXPANDABLETABLEVIEWTests.swift in Sources */ = {isa = PBXBuildFile; fileRef = 0CF15F111D51A9C8008754AE /* EXPANDABLETABLEVIEWTests.swift */; };
		0CF15F1D1D51A9C8008754AE /* EXPANDABLETABLEVIEWUITests.swift in Sources */ = {isa = PBXBuildFile; fileRef = 0CF15F1C1D51A9C8008754AE /* EXPANDABLETABLEVIEWUITests.swift */; };
		0CF15F2C1D51AA11008754AE /* ExpandableTable.swift in Sources */ = {isa = PBXBuildFile; fileRef = 0CF15F2A1D51AA11008754AE /* ExpandableTable.swift */; };
		0CF15F2D1D51AA11008754AE /* ExpandableTable.xib in Resources */ = {isa = PBXBuildFile; fileRef = 0CF15F2B1D51AA11008754AE /* ExpandableTable.xib */; };
		0CF15F301D51AB50008754AE /* Tbl_Cell.swift in Sources */ = {isa = PBXBuildFile; fileRef = 0CF15F2E1D51AB50008754AE /* Tbl_Cell.swift */; };
		0CF15F311D51AB50008754AE /* Tbl_Cell.xib in Resources */ = {isa = PBXBuildFile; fileRef = 0CF15F2F1D51AB50008754AE /* Tbl_Cell.xib */; };
/* End PBXBuildFile section */

/* Begin PBXContainerItemProxy section */
		0CF15F0E1D51A9C8008754AE /* PBXContainerItemProxy */ = {
			isa = PBXContainerItemProxy;
			containerPortal = 0CF15EF11D51A9C7008754AE /* Project object */;
			proxyType = 1;
			remoteGlobalIDString = 0CF15EF81D51A9C7008754AE;
			remoteInfo = EXPANDABLETABLEVIEW;
		};
		0CF15F191D51A9C8008754AE /* PBXContainerItemProxy */ = {
			isa = PBXContainerItemProxy;
			containerPortal = 0CF15EF11D51A9C7008754AE /* Project object */;
			proxyType = 1;
			remoteGlobalIDString = 0CF15EF81D51A9C7008754AE;
			remoteInfo = EXPANDABLETABLEVIEW;
		};
/* End PBXContainerItemProxy section */

/* Begin PBXFileReference section */
		0C4650231D51F1A700CACA4C /* DownStateButton.swift */ = {isa = PBXFileReference; fileEncoding = 4; lastKnownFileType = sourcecode.swift; path = DownStateButton.swift; sourceTree = "<group>"; };
		0C4650251D51F3E400CACA4C /* TestRedio.swift */ = {isa = PBXFileReference; fileEncoding = 4; lastKnownFileType = sourcecode.swift; path = TestRedio.swift; sourceTree = "<group>"; };
		0C4650261D51F3E400CACA4C /* TestRedio.xib */ = {isa = PBXFileReference; fileEncoding = 4; lastKnownFileType = file.xib; path = TestRedio.xib; sourceTree = "<group>"; };
		0C4650291D51FEFB00CACA4C /* EXPANDABLETABLEVIEW-Bridging-Header.h */ = {isa = PBXFileReference; lastKnownFileType = sourcecode.c.h; path = "EXPANDABLETABLEVIEW-Bridging-Header.h"; sourceTree = "<group>"; };
		0C46502D1D520AD000CACA4C /* Academi_Cell.swift */ = {isa = PBXFileReference; fileEncoding = 4; lastKnownFileType = sourcecode.swift; path = Academi_Cell.swift; sourceTree = "<group>"; };
		0C46502E1D520AD000CACA4C /* Academi_Cell.xib */ = {isa = PBXFileReference; fileEncoding = 4; lastKnownFileType = file.xib; path = Academi_Cell.xib; sourceTree = "<group>"; };
		0C4650311D53132700CACA4C /* Lb_Cell.swift */ = {isa = PBXFileReference; fileEncoding = 4; lastKnownFileType = sourcecode.swift; path = Lb_Cell.swift; sourceTree = "<group>"; };
		0C4650321D53132700CACA4C /* Lb_Cell.xib */ = {isa = PBXFileReference; fileEncoding = 4; lastKnownFileType = file.xib; path = Lb_Cell.xib; sourceTree = "<group>"; };
		0CF15EF91D51A9C7008754AE /* EXPANDABLETABLEVIEW.app */ = {isa = PBXFileReference; explicitFileType = wrapper.application; includeInIndex = 0; path = EXPANDABLETABLEVIEW.app; sourceTree = BUILT_PRODUCTS_DIR; };
		0CF15EFC1D51A9C8008754AE /* AppDelegate.swift */ = {isa = PBXFileReference; lastKnownFileType = sourcecode.swift; path = AppDelegate.swift; sourceTree = "<group>"; };
		0CF15EFE1D51A9C8008754AE /* ViewController.swift */ = {isa = PBXFileReference; lastKnownFileType = sourcecode.swift; path = ViewController.swift; sourceTree = "<group>"; };
		0CF15F031D51A9C8008754AE /* Assets.xcassets */ = {isa = PBXFileReference; lastKnownFileType = folder.assetcatalog; path = Assets.xcassets; sourceTree = "<group>"; };
		0CF15F061D51A9C8008754AE /* Base */ = {isa = PBXFileReference; lastKnownFileType = file.storyboard; name = Base; path = Base.lproj/LaunchScreen.storyboard; sourceTree = "<group>"; };
		0CF15F081D51A9C8008754AE /* Info.plist */ = {isa = PBXFileReference; lastKnownFileType = text.plist.xml; path = Info.plist; sourceTree = "<group>"; };
		0CF15F0D1D51A9C8008754AE /* EXPANDABLETABLEVIEWTests.xctest */ = {isa = PBXFileReference; explicitFileType = wrapper.cfbundle; includeInIndex = 0; path = EXPANDABLETABLEVIEWTests.xctest; sourceTree = BUILT_PRODUCTS_DIR; };
		0CF15F111D51A9C8008754AE /* EXPANDABLETABLEVIEWTests.swift */ = {isa = PBXFileReference; lastKnownFileType = sourcecode.swift; path = EXPANDABLETABLEVIEWTests.swift; sourceTree = "<group>"; };
		0CF15F131D51A9C8008754AE /* Info.plist */ = {isa = PBXFileReference; lastKnownFileType = text.plist.xml; path = Info.plist; sourceTree = "<group>"; };
		0CF15F181D51A9C8008754AE /* EXPANDABLETABLEVIEWUITests.xctest */ = {isa = PBXFileReference; explicitFileType = wrapper.cfbundle; includeInIndex = 0; path = EXPANDABLETABLEVIEWUITests.xctest; sourceTree = BUILT_PRODUCTS_DIR; };
		0CF15F1C1D51A9C8008754AE /* EXPANDABLETABLEVIEWUITests.swift */ = {isa = PBXFileReference; lastKnownFileType = sourcecode.swift; path = EXPANDABLETABLEVIEWUITests.swift; sourceTree = "<group>"; };
		0CF15F1E1D51A9C8008754AE /* Info.plist */ = {isa = PBXFileReference; lastKnownFileType = text.plist.xml; path = Info.plist; sourceTree = "<group>"; };
		0CF15F2A1D51AA11008754AE /* ExpandableTable.swift */ = {isa = PBXFileReference; fileEncoding = 4; lastKnownFileType = sourcecode.swift; path = ExpandableTable.swift; sourceTree = "<group>"; };
		0CF15F2B1D51AA11008754AE /* ExpandableTable.xib */ = {isa = PBXFileReference; fileEncoding = 4; lastKnownFileType = file.xib; path = ExpandableTable.xib; sourceTree = "<group>"; };
		0CF15F2E1D51AB50008754AE /* Tbl_Cell.swift */ = {isa = PBXFileReference; fileEncoding = 4; lastKnownFileType = sourcecode.swift; path = Tbl_Cell.swift; sourceTree = "<group>"; };
		0CF15F2F1D51AB50008754AE /* Tbl_Cell.xib */ = {isa = PBXFileReference; fileEncoding = 4; lastKnownFileType = file.xib; path = Tbl_Cell.xib; sourceTree = "<group>"; };
/* End PBXFileReference section */

/* Begin PBXFrameworksBuildPhase section */
		0CF15EF61D51A9C7008754AE /* Frameworks */ = {
			isa = PBXFrameworksBuildPhase;
			buildActionMask = 2147483647;
			files = (
			);
			runOnlyForDeploymentPostprocessing = 0;
		};
		0CF15F0A1D51A9C8008754AE /* Frameworks */ = {
			isa = PBXFrameworksBuildPhase;
			buildActionMask = 2147483647;
			files = (
			);
			runOnlyForDeploymentPostprocessing = 0;
		};
		0CF15F151D51A9C8008754AE /* Frameworks */ = {
			isa = PBXFrameworksBuildPhase;
			buildActionMask = 2147483647;
			files = (
			);
			runOnlyForDeploymentPostprocessing = 0;
		};
/* End PBXFrameworksBuildPhase section */

/* Begin PBXGroup section */
		0CF15EF01D51A9C7008754AE = {
			isa = PBXGroup;
			children = (
				0C4650311D53132700CACA4C /* Lb_Cell.swift */,
				0C4650321D53132700CACA4C /* Lb_Cell.xib */,
				0C46502D1D520AD000CACA4C /* Academi_Cell.swift */,
				0C46502E1D520AD000CACA4C /* Academi_Cell.xib */,
				0C4650251D51F3E400CACA4C /* TestRedio.swift */,
				0C4650261D51F3E400CACA4C /* TestRedio.xib */,
				0C4650231D51F1A700CACA4C /* DownStateButton.swift */,
				0CF15F2E1D51AB50008754AE /* Tbl_Cell.swift */,
				0CF15F2F1D51AB50008754AE /* Tbl_Cell.xib */,
				0CF15F2A1D51AA11008754AE /* ExpandableTable.swift */,
				0CF15F2B1D51AA11008754AE /* ExpandableTable.xib */,
				0CF15EFB1D51A9C7008754AE /* EXPANDABLETABLEVIEW */,
				0CF15F101D51A9C8008754AE /* EXPANDABLETABLEVIEWTests */,
				0CF15F1B1D51A9C8008754AE /* EXPANDABLETABLEVIEWUITests */,
				0CF15EFA1D51A9C7008754AE /* Products */,
				0C4650291D51FEFB00CACA4C /* EXPANDABLETABLEVIEW-Bridging-Header.h */,
			);
			sourceTree = "<group>";
		};
		0CF15EFA1D51A9C7008754AE /* Products */ = {
			isa = PBXGroup;
			children = (
				0CF15EF91D51A9C7008754AE /* EXPANDABLETABLEVIEW.app */,
				0CF15F0D1D51A9C8008754AE /* EXPANDABLETABLEVIEWTests.xctest */,
				0CF15F181D51A9C8008754AE /* EXPANDABLETABLEVIEWUITests.xctest */,
			);
			name = Products;
			sourceTree = "<group>";
		};
		0CF15EFB1D51A9C7008754AE /* EXPANDABLETABLEVIEW */ = {
			isa = PBXGroup;
			children = (
				0CF15EFC1D51A9C8008754AE /* AppDelegate.swift */,
				0CF15EFE1D51A9C8008754AE /* ViewController.swift */,
				0CF15F031D51A9C8008754AE /* Assets.xcassets */,
				0CF15F051D51A9C8008754AE /* LaunchScreen.storyboard */,
				0CF15F081D51A9C8008754AE /* Info.plist */,
			);
			path = EXPANDABLETABLEVIEW;
			sourceTree = "<group>";
		};
		0CF15F101D51A9C8008754AE /* EXPANDABLETABLEVIEWTests */ = {
			isa = PBXGroup;
			children = (
				0CF15F111D51A9C8008754AE /* EXPANDABLETABLEVIEWTests.swift */,
				0CF15F131D51A9C8008754AE /* Info.plist */,
			);
			path = EXPANDABLETABLEVIEWTests;
			sourceTree = "<group>";
		};
		0CF15F1B1D51A9C8008754AE /* EXPANDABLETABLEVIEWUITests */ = {
			isa = PBXGroup;
			children = (
				0CF15F1C1D51A9C8008754AE /* EXPANDABLETABLEVIEWUITests.swift */,
				0CF15F1E1D51A9C8008754AE /* Info.plist */,
			);
			path = EXPANDABLETABLEVIEWUITests;
			sourceTree = "<group>";
		};
/* End PBXGroup section */

/* Begin PBXNativeTarget section */
		0CF15EF81D51A9C7008754AE /* EXPANDABLETABLEVIEW */ = {
			isa = PBXNativeTarget;
			buildConfigurationList = 0CF15F211D51A9C8008754AE /* Build configuration list for PBXNativeTarget "EXPANDABLETABLEVIEW" */;
			buildPhases = (
				0CF15EF51D51A9C7008754AE /* Sources */,
				0CF15EF61D51A9C7008754AE /* Frameworks */,
				0CF15EF71D51A9C7008754AE /* Resources */,
			);
			buildRules = (
			);
			dependencies = (
			);
			name = EXPANDABLETABLEVIEW;
			productName = EXPANDABLETABLEVIEW;
			productReference = 0CF15EF91D51A9C7008754AE /* EXPANDABLETABLEVIEW.app */;
			productType = "com.apple.product-type.application";
		};
		0CF15F0C1D51A9C8008754AE /* EXPANDABLETABLEVIEWTests */ = {
			isa = PBXNativeTarget;
			buildConfigurationList = 0CF15F241D51A9C8008754AE /* Build configuration list for PBXNativeTarget "EXPANDABLETABLEVIEWTests" */;
			buildPhases = (
				0CF15F091D51A9C8008754AE /* Sources */,
				0CF15F0A1D51A9C8008754AE /* Frameworks */,
				0CF15F0B1D51A9C8008754AE /* Resources */,
			);
			buildRules = (
			);
			dependencies = (
				0CF15F0F1D51A9C8008754AE /* PBXTargetDependency */,
			);
			name = EXPANDABLETABLEVIEWTests;
			productName = EXPANDABLETABLEVIEWTests;
			productReference = 0CF15F0D1D51A9C8008754AE /* EXPANDABLETABLEVIEWTests.xctest */;
			productType = "com.apple.product-type.bundle.unit-test";
		};
		0CF15F171D51A9C8008754AE /* EXPANDABLETABLEVIEWUITests */ = {
			isa = PBXNativeTarget;
			buildConfigurationList = 0CF15F271D51A9C8008754AE /* Build configuration list for PBXNativeTarget "EXPANDABLETABLEVIEWUITests" */;
			buildPhases = (
				0CF15F141D51A9C8008754AE /* Sources */,
				0CF15F151D51A9C8008754AE /* Frameworks */,
				0CF15F161D51A9C8008754AE /* Resources */,
			);
			buildRules = (
			);
			dependencies = (
				0CF15F1A1D51A9C8008754AE /* PBXTargetDependency */,
			);
			name = EXPANDABLETABLEVIEWUITests;
			productName = EXPANDABLETABLEVIEWUITests;
			productReference = 0CF15F181D51A9C8008754AE /* EXPANDABLETABLEVIEWUITests.xctest */;
			productType = "com.apple.product-type.bundle.ui-testing";
		};
/* End PBXNativeTarget section */

/* Begin PBXProject section */
		0CF15EF11D51A9C7008754AE /* Project object */ = {
			isa = PBXProject;
			attributes = {
				LastSwiftUpdateCheck = 0730;
				LastUpgradeCheck = 0730;
				ORGANIZATIONNAME = LaNet;
				TargetAttributes = {
					0CF15EF81D51A9C7008754AE = {
						CreatedOnToolsVersion = 7.3.1;
					};
					0CF15F0C1D51A9C8008754AE = {
						CreatedOnToolsVersion = 7.3.1;
						TestTargetID = 0CF15EF81D51A9C7008754AE;
					};
					0CF15F171D51A9C8008754AE = {
						CreatedOnToolsVersion = 7.3.1;
						TestTargetID = 0CF15EF81D51A9C7008754AE;
					};
				};
			};
			buildConfigurationList = 0CF15EF41D51A9C7008754AE /* Build configuration list for PBXProject "EXPANDABLETABLEVIEW" */;
			compatibilityVersion = "Xcode 3.2";
			developmentRegion = English;
			hasScannedForEncodings = 0;
			knownRegions = (
				en,
				Base,
			);
			mainGroup = 0CF15EF01D51A9C7008754AE;
			productRefGroup = 0CF15EFA1D51A9C7008754AE /* Products */;
			projectDirPath = "";
			projectRoot = "";
			targets = (
				0CF15EF81D51A9C7008754AE /* EXPANDABLETABLEVIEW */,
				0CF15F0C1D51A9C8008754AE /* EXPANDABLETABLEVIEWTests */,
				0CF15F171D51A9C8008754AE /* EXPANDABLETABLEVIEWUITests */,
			);
		};
/* End PBXProject section */

/* Begin PBXResourcesBuildPhase section */
		0CF15EF71D51A9C7008754AE /* Resources */ = {
			isa = PBXResourcesBuildPhase;
			buildActionMask = 2147483647;
			files = (
				0C4650281D51F3E400CACA4C /* TestRedio.xib in Resources */,
				0CF15F2D1D51AA11008754AE /* ExpandableTable.xib in Resources */,
				0C4650301D520AD000CACA4C /* Academi_Cell.xib in Resources */,
				0CF15F071D51A9C8008754AE /* LaunchScreen.storyboard in Resources */,
				0CF15F311D51AB50008754AE /* Tbl_Cell.xib in Resources */,
				0CF15F041D51A9C8008754AE /* Assets.xcassets in Resources */,
				0C4650341D53132700CACA4C /* Lb_Cell.xib in Resources */,
			);
			runOnlyForDeploymentPostprocessing = 0;
		};
		0CF15F0B1D51A9C8008754AE /* Resources */ = {
			isa = PBXResourcesBuildPhase;
			buildActionMask = 2147483647;
			files = (
			);
			runOnlyForDeploymentPostprocessing = 0;
		};
		0CF15F161D51A9C8008754AE /* Resources */ = {
			isa = PBXResourcesBuildPhase;
			buildActionMask = 2147483647;
			files = (
			);
			runOnlyForDeploymentPostprocessing = 0;
		};
/* End PBXResourcesBuildPhase section */

/* Begin PBXSourcesBuildPhase section */
		0CF15EF51D51A9C7008754AE /* Sources */ = {
			isa = PBXSourcesBuildPhase;
			buildActionMask = 2147483647;
			files = (
				0C4650241D51F1A700CACA4C /* DownStateButton.swift in Sources */,
				0CF15EFF1D51A9C8008754AE /* ViewController.swift in Sources */,
				0CF15F2C1D51AA11008754AE /* ExpandableTable.swift in Sources */,
				0C4650271D51F3E400CACA4C /* TestRedio.swift in Sources */,
				0C46502F1D520AD000CACA4C /* Academi_Cell.swift in Sources */,
				0C4650331D53132700CACA4C /* Lb_Cell.swift in Sources */,
				0CF15F301D51AB50008754AE /* Tbl_Cell.swift in Sources */,
				0CF15EFD1D51A9C8008754AE /* AppDelegate.swift in Sources */,
			);
			runOnlyForDeploymentPostprocessing = 0;
		};
		0CF15F091D51A9C8008754AE /* Sources */ = {
			isa = PBXSourcesBuildPhase;
			buildActionMask = 2147483647;
			files = (
				0CF15F121D51A9C8008754AE /* EXPANDABLETABLEVIEWTests.swift in Sources */,
			);
			runOnlyForDeploymentPostprocessing = 0;
		};
		0CF15F141D51A9C8008754AE /* Sources */ = {
			isa = PBXSourcesBuildPhase;
			buildActionMask = 2147483647;
			files = (
				0CF15F1D1D51A9C8008754AE /* EXPANDABLETABLEVIEWUITests.swift in Sources */,
			);
			runOnlyForDeploymentPostprocessing = 0;
		};
/* End PBXSourcesBuildPhase section */

/* Begin PBXTargetDependency section */
		0CF15F0F1D51A9C8008754AE /* PBXTargetDependency */ = {
			isa = PBXTargetDependency;
			target = 0CF15EF81D51A9C7008754AE /* EXPANDABLETABLEVIEW */;
			targetProxy = 0CF15F0E1D51A9C8008754AE /* PBXContainerItemProxy */;
		};
		0CF15F1A1D51A9C8008754AE /* PBXTargetDependency */ = {
			isa = PBXTargetDependency;
			target = 0CF15EF81D51A9C7008754AE /* EXPANDABLETABLEVIEW */;
			targetProxy = 0CF15F191D51A9C8008754AE /* PBXContainerItemProxy */;
		};
/* End PBXTargetDependency section */

/* Begin PBXVariantGroup section */
		0CF15F051D51A9C8008754AE /* LaunchScreen.storyboard */ = {
			isa = PBXVariantGroup;
			children = (
				0CF15F061D51A9C8008754AE /* Base */,
			);
			name = LaunchScreen.storyboard;
			sourceTree = "<group>";
		};
/* End PBXVariantGroup section */

/* Begin XCBuildConfiguration section */
		0CF15F1F1D51A9C8008754AE /* Debug */ = {
			isa = XCBuildConfiguration;
			buildSettings = {
				ALWAYS_SEARCH_USER_PATHS = NO;
				CLANG_ANALYZER_NONNULL = YES;
				CLANG_CXX_LANGUAGE_STANDARD = "gnu++0x";
				CLANG_CXX_LIBRARY = "libc++";
				CLANG_ENABLE_MODULES = YES;
				CLANG_ENABLE_OBJC_ARC = YES;
				CLANG_WARN_BOOL_CONVERSION = YES;
				CLANG_WARN_CONSTANT_CONVERSION = YES;
				CLANG_WARN_DIRECT_OBJC_ISA_USAGE = YES_ERROR;
				CLANG_WARN_EMPTY_BODY = YES;
				CLANG_WARN_ENUM_CONVERSION = YES;
				CLANG_WARN_INT_CONVERSION = YES;
				CLANG_WARN_OBJC_ROOT_CLASS = YES_ERROR;
				CLANG_WARN_UNREACHABLE_CODE = YES;
				CLANG_WARN__DUPLICATE_METHOD_MATCH = YES;
				"CODE_SIGN_IDENTITY[sdk=iphoneos*]" = "iPhone Developer";
				COPY_PHASE_STRIP = NO;
				DEBUG_INFORMATION_FORMAT = dwarf;
				ENABLE_STRICT_OBJC_MSGSEND = YES;
				ENABLE_TESTABILITY = YES;
				GCC_C_LANGUAGE_STANDARD = gnu99;
				GCC_DYNAMIC_NO_PIC = NO;
				GCC_NO_COMMON_BLOCKS = YES;
				GCC_OPTIMIZATION_LEVEL = 0;
				GCC_PREPROCESSOR_DEFINITIONS = (
					"DEBUG=1",
					"$(inherited)",
				);
				GCC_WARN_64_TO_32_BIT_CONVERSION = YES;
				GCC_WARN_ABOUT_RETURN_TYPE = YES_ERROR;
				GCC_WARN_UNDECLARED_SELECTOR = YES;
				GCC_WARN_UNINITIALIZED_AUTOS = YES_AGGRESSIVE;
				GCC_WARN_UNUSED_FUNCTION = YES;
				GCC_WARN_UNUSED_VARIABLE = YES;
				IPHONEOS_DEPLOYMENT_TARGET = 9.3;
				MTL_ENABLE_DEBUG_INFO = YES;
				ONLY_ACTIVE_ARCH = YES;
				SDKROOT = iphoneos;
				SWIFT_OPTIMIZATION_LEVEL = "-Onone";
			};
			name = Debug;
		};
		0CF15F201D51A9C8008754AE /* Release */ = {
			isa = XCBuildConfiguration;
			buildSettings = {
				ALWAYS_SEARCH_USER_PATHS = NO;
				CLANG_ANALYZER_NONNULL = YES;
				CLANG_CXX_LANGUAGE_STANDARD = "gnu++0x";
				CLANG_CXX_LIBRARY = "libc++";
				CLANG_ENABLE_MODULES = YES;
				CLANG_ENABLE_OBJC_ARC = YES;
				CLANG_WARN_BOOL_CONVERSION = YES;
				CLANG_WARN_CONSTANT_CONVERSION = YES;
				CLANG_WARN_DIRECT_OBJC_ISA_USAGE = YES_ERROR;
				CLANG_WARN_EMPTY_BODY = YES;
				CLANG_WARN_ENUM_CONVERSION = YES;
				CLANG_WARN_INT_CONVERSION = YES;
				CLANG_WARN_OBJC_ROOT_CLASS = YES_ERROR;
				CLANG_WARN_UNREACHABLE_CODE = YES;
				CLANG_WARN__DUPLICATE_METHOD_MATCH = YES;
				"CODE_SIGN_IDENTITY[sdk=iphoneos*]" = "iPhone Developer";
				COPY_PHASE_STRIP = NO;
				DEBUG_INFORMATION_FORMAT = "dwarf-with-dsym";
				ENABLE_NS_ASSERTIONS = NO;
				ENABLE_STRICT_OBJC_MSGSEND = YES;
				GCC_C_LANGUAGE_STANDARD = gnu99;
				GCC_NO_COMMON_BLOCKS = YES;
				GCC_WARN_64_TO_32_BIT_CONVERSION = YES;
				GCC_WARN_ABOUT_RETURN_TYPE = YES_ERROR;
				GCC_WARN_UNDECLARED_SELECTOR = YES;
				GCC_WARN_UNINITIALIZED_AUTOS = YES_AGGRESSIVE;
				GCC_WARN_UNUSED_FUNCTION = YES;
				GCC_WARN_UNUSED_VARIABLE = YES;
				IPHONEOS_DEPLOYMENT_TARGET = 9.3;
				MTL_ENABLE_DEBUG_INFO = NO;
				SDKROOT = iphoneos;
				VALIDATE_PRODUCT = YES;
			};
			name = Release;
		};
		0CF15F221D51A9C8008754AE /* Debug */ = {
			isa = XCBuildConfiguration;
			buildSettings = {
				ASSETCATALOG_COMPILER_APPICON_NAME = AppIcon;
				CLANG_ENABLE_MODULES = YES;
				INFOPLIST_FILE = EXPANDABLETABLEVIEW/Info.plist;
				LD_RUNPATH_SEARCH_PATHS = "$(inherited) @executable_path/Frameworks";
				PRODUCT_BUNDLE_IDENTIFIER = lanet.EXPANDABLETABLEVIEW;
				PRODUCT_NAME = "$(TARGET_NAME)";
				SWIFT_OBJC_BRIDGING_HEADER = "EXPANDABLETABLEVIEW-Bridging-Header.h";
				SWIFT_OPTIMIZATION_LEVEL = "-Onone";
			};
			name = Debug;
		};
		0CF15F231D51A9C8008754AE /* Release */ = {
			isa = XCBuildConfiguration;
			buildSettings = {
				ASSETCATALOG_COMPILER_APPICON_NAME = AppIcon;
				CLANG_ENABLE_MODULES = YES;
				INFOPLIST_FILE = EXPANDABLETABLEVIEW/Info.plist;
				LD_RUNPATH_SEARCH_PATHS = "$(inherited) @executable_path/Frameworks";
				PRODUCT_BUNDLE_IDENTIFIER = lanet.EXPANDABLETABLEVIEW;
				PRODUCT_NAME = "$(TARGET_NAME)";
				SWIFT_OBJC_BRIDGING_HEADER = "EXPANDABLETABLEVIEW-Bridging-Header.h";
			};
			name = Release;
		};
		0CF15F251D51A9C8008754AE /* Debug */ = {
			isa = XCBuildConfiguration;
			buildSettings = {
				BUNDLE_LOADER = "$(TEST_HOST)";
				INFOPLIST_FILE = EXPANDABLETABLEVIEWTests/Info.plist;
				LD_RUNPATH_SEARCH_PATHS = "$(inherited) @executable_path/Frameworks @loader_path/Frameworks";
				PRODUCT_BUNDLE_IDENTIFIER = lanet.EXPANDABLETABLEVIEWTests;
				PRODUCT_NAME = "$(TARGET_NAME)";
				TEST_HOST = "$(BUILT_PRODUCTS_DIR)/EXPANDABLETABLEVIEW.app/EXPANDABLETABLEVIEW";
			};
			name = Debug;
		};
		0CF15F261D51A9C8008754AE /* Release */ = {
			isa = XCBuildConfiguration;
			buildSettings = {
				BUNDLE_LOADER = "$(TEST_HOST)";
				INFOPLIST_FILE = EXPANDABLETABLEVIEWTests/Info.plist;
				LD_RUNPATH_SEARCH_PATHS = "$(inherited) @executable_path/Frameworks @loader_path/Frameworks";
				PRODUCT_BUNDLE_IDENTIFIER = lanet.EXPANDABLETABLEVIEWTests;
				PRODUCT_NAME = "$(TARGET_NAME)";
				TEST_HOST = "$(BUILT_PRODUCTS_DIR)/EXPANDABLETABLEVIEW.app/EXPANDABLETABLEVIEW";
			};
			name = Release;
		};
		0CF15F281D51A9C8008754AE /* Debug */ = {
			isa = XCBuildConfiguration;
			buildSettings = {
				INFOPLIST_FILE = EXPANDABLETABLEVIEWUITests/Info.plist;
				LD_RUNPATH_SEARCH_PATHS = "$(inherited) @executable_path/Frameworks @loader_path/Frameworks";
				PRODUCT_BUNDLE_IDENTIFIER = lanet.EXPANDABLETABLEVIEWUITests;
				PRODUCT_NAME = "$(TARGET_NAME)";
				TEST_TARGET_NAME = EXPANDABLETABLEVIEW;
			};
			name = Debug;
		};
		0CF15F291D51A9C8008754AE /* Release */ = {
			isa = XCBuildConfiguration;
			buildSettings = {
				INFOPLIST_FILE = EXPANDABLETABLEVIEWUITests/Info.plist;
				LD_RUNPATH_SEARCH_PATHS = "$(inherited) @executable_path/Frameworks @loader_path/Frameworks";
				PRODUCT_BUNDLE_IDENTIFIER = lanet.EXPANDABLETABLEVIEWUITests;
				PRODUCT_NAME = "$(TARGET_NAME)";
				TEST_TARGET_NAME = EXPANDABLETABLEVIEW;
			};
			name = Release;
		};
/* End XCBuildConfiguration section */

/* Begin XCConfigurationList section */
		0CF15EF41D51A9C7008754AE /* Build configuration list for PBXProject "EXPANDABLETABLEVIEW" */ = {
			isa = XCConfigurationList;
			buildConfigurations = (
				0CF15F1F1D51A9C8008754AE /* Debug */,
				0CF15F201D51A9C8008754AE /* Release */,
			);
			defaultConfigurationIsVisible = 0;
			defaultConfigurationName = Release;
		};
		0CF15F211D51A9C8008754AE /* Build configuration list for PBXNativeTarget "EXPANDABLETABLEVIEW" */ = {
			isa = XCConfigurationList;
			buildConfigurations = (
				0CF15F221D51A9C8008754AE /* Debug */,
				0CF15F231D51A9C8008754AE /* Release */,
			);
			defaultConfigurationIsVisible = 0;
			defaultConfigurationName = Release;
		};
		0CF15F241D51A9C8008754AE /* Build configuration list for PBXNativeTarget "EXPANDABLETABLEVIEWTests" */ = {
			isa = XCConfigurationList;
			buildConfigurations = (
				0CF15F251D51A9C8008754AE /* Debug */,
				0CF15F261D51A9C8008754AE /* Release */,
			);
			defaultConfigurationIsVisible = 0;
			defaultConfigurationName = Release;
		};
		0CF15F271D51A9C8008754AE /* Build configuration list for PBXNativeTarget "EXPANDABLETABLEVIEWUITests" */ = {
			isa = XCConfigurationList;
			buildConfigurations = (
				0CF15F281D51A9C8008754AE /* Debug */,
				0CF15F291D51A9C8008754AE /* Release */,
			);
			defaultConfigurationIsVisible = 0;
			defaultConfigurationName = Release;
		};
/* End XCConfigurationList section */
	};
	rootObject = 0CF15EF11D51A9C7008754AE /* Project object */;
}
